
Microsoft Visual Studio Solution File, Format Version 12.00
# Visual Studio 15
VisualStudioVersion = 15.0.27703.2000
MinimumVisualStudioVersion = 10.0.40219.1
Project("{FAE04EC0-301F-11D3-BF4B-00C04F79EFBC}") = "MockingFrameworkOrManualMocks", "MockingFrameworkOrManualMocks.csproj", "{AE53F30D-3A07-4780-B3B8-E916BD51B656}"
EndProject
Global
	GlobalSection(SolutionConfigurationPlatforms) = preSolution
		Debug|Any CPU = Debug|Any CPU
		Release|Any CPU = Release|Any CPU
	EndGlobalSection
	GlobalSection(ProjectConfigurationPlatforms) = postSolution
		{AE53F30D-3A07-4780-B3B8-E916BD51B656}.Debug|Any CPU.ActiveCfg = Debug|Any CPU
		{AE53F30D-3A07-4780-B3B8-E916BD51B656}.Debug|Any CPU.Build.0 = Debug|Any CPU
		{AE53F30D-3A07-4780-B3B8-E916BD51B656}.Release|Any CPU.ActiveCfg = Release|Any CPU
		{AE53F30D-3A07-4780-B3B8-E916BD51B656}.Release|Any CPU.Build.0 = Release|Any CPU
	EndGlobalSection
	GlobalSection(SolutionProperties) = preSolution
		HideSolutionNode = FALSE
	EndGlobalSection
	GlobalSection(ExtensibilityGlobals) = postSolution
		SolutionGuid = {CCDC4866-FAD9-4D12-B40B-CC03BBB5AFCB}
	EndGlobalSection
EndGlobal
